
Microsoft Visual Studio Solution File, Format Version 12.00
# Visual Studio Version 17
VisualStudioVersion = 17.8.34309.116
MinimumVisualStudioVersion = 10.0.40219.1
Project("{9A19103F-16F7-4668-BE54-9A1E7A4F7556}") = "ProductsCatalog.Frontend", "ProductsCatalog.Frontend\ProductsCatalog.Frontend.csproj", "{41A27E88-1F9D-4A77-9A12-D82DA0AD83A0}"
EndProject
Project("{9A19103F-16F7-4668-BE54-9A1E7A4F7556}") = "ProductsCatalog.Business", "ProductsCatalog.Business\ProductsCatalog.Business.csproj", "{76F20572-0A32-4A5E-9B03-2F822D0FAB17}"
EndProject
Project("{9A19103F-16F7-4668-BE54-9A1E7A4F7556}") = "ProductsCatalog.DAL", "ProductsCatalog.DAL\ProductsCatalog.DAL.csproj", "{C686D561-79E1-4DD1-AE69-99A86B36ABAB}"
EndProject
Project("{9A19103F-16F7-4668-BE54-9A1E7A4F7556}") = "ProductsCatalog.Tests", "ProductsCatalog.Tests\ProductsCatalog.Tests.csproj", "{E86458EE-074E-4FF6-AE10-22BFE9047B01}"
EndProject
Project("{E53339B2-1760-4266-BCC7-CA923CBCF16C}") = "docker-compose", "docker-compose.dcproj", "{7CC60C4A-0A15-4F0A-B1B1-7A70A96552AC}"
EndProject
Project("{2150E333-8FDC-42A3-9474-1A3956D46DE8}") = "Solution Items", "Solution Items", "{B518029F-684E-41B0-A607-8B42BED3EE13}"
	ProjectSection(SolutionItems) = preProject
		nginx.conf = nginx.conf
	EndProjectSection
EndProject
Global
	GlobalSection(SolutionConfigurationPlatforms) = preSolution
		Debug|Any CPU = Debug|Any CPU
		Release|Any CPU = Release|Any CPU
	EndGlobalSection
	GlobalSection(ProjectConfigurationPlatforms) = postSolution
		{41A27E88-1F9D-4A77-9A12-D82DA0AD83A0}.Debug|Any CPU.ActiveCfg = Debug|Any CPU
		{41A27E88-1F9D-4A77-9A12-D82DA0AD83A0}.Debug|Any CPU.Build.0 = Debug|Any CPU
		{41A27E88-1F9D-4A77-9A12-D82DA0AD83A0}.Release|Any CPU.ActiveCfg = Release|Any CPU
		{41A27E88-1F9D-4A77-9A12-D82DA0AD83A0}.Release|Any CPU.Build.0 = Release|Any CPU
		{76F20572-0A32-4A5E-9B03-2F822D0FAB17}.Debug|Any CPU.ActiveCfg = Debug|Any CPU
		{76F20572-0A32-4A5E-9B03-2F822D0FAB17}.Debug|Any CPU.Build.0 = Debug|Any CPU
		{76F20572-0A32-4A5E-9B03-2F822D0FAB17}.Release|Any CPU.ActiveCfg = Release|Any CPU
		{76F20572-0A32-4A5E-9B03-2F822D0FAB17}.Release|Any CPU.Build.0 = Release|Any CPU
		{C686D561-79E1-4DD1-AE69-99A86B36ABAB}.Debug|Any CPU.ActiveCfg = Debug|Any CPU
		{C686D561-79E1-4DD1-AE69-99A86B36ABAB}.Debug|Any CPU.Build.0 = Debug|Any CPU
		{C686D561-79E1-4DD1-AE69-99A86B36ABAB}.Release|Any CPU.ActiveCfg = Release|Any CPU
		{C686D561-79E1-4DD1-AE69-99A86B36ABAB}.Release|Any CPU.Build.0 = Release|Any CPU
		{E86458EE-074E-4FF6-AE10-22BFE9047B01}.Debug|Any CPU.ActiveCfg = Debug|Any CPU
		{E86458EE-074E-4FF6-AE10-22BFE9047B01}.Debug|Any CPU.Build.0 = Debug|Any CPU
		{E86458EE-074E-4FF6-AE10-22BFE9047B01}.Release|Any CPU.ActiveCfg = Release|Any CPU
		{E86458EE-074E-4FF6-AE10-22BFE9047B01}.Release|Any CPU.Build.0 = Release|Any CPU
		{7CC60C4A-0A15-4F0A-B1B1-7A70A96552AC}.Debug|Any CPU.ActiveCfg = Debug|Any CPU
		{7CC60C4A-0A15-4F0A-B1B1-7A70A96552AC}.Debug|Any CPU.Build.0 = Debug|Any CPU
		{7CC60C4A-0A15-4F0A-B1B1-7A70A96552AC}.Release|Any CPU.ActiveCfg = Release|Any CPU
		{7CC60C4A-0A15-4F0A-B1B1-7A70A96552AC}.Release|Any CPU.Build.0 = Release|Any CPU
	EndGlobalSection
	GlobalSection(SolutionProperties) = preSolution
		HideSolutionNode = FALSE
	EndGlobalSection
	GlobalSection(ExtensibilityGlobals) = postSolution
		SolutionGuid = {D3535D2A-2E1E-4FFE-9AF4-153436352569}
	EndGlobalSection
EndGlobal
